
Microsoft Visual Studio Solution File, Format Version 12.00
# Visual Studio Version 17
VisualStudioVersion = 17.5.33414.496
MinimumVisualStudioVersion = 10.0.40219.1
Project("{FAE04EC0-301F-11D3-BF4B-00C04F79EFBC}") = "ElizerIoC", "ElizerIoC\ElizerIoC.csproj", "{B46EB579-5BC0-4B7A-8ABD-F9041E783B1E}"
EndProject
Project("{FAE04EC0-301F-11D3-BF4B-00C04F79EFBC}") = "ElizerIoC.Test", "ElizerIoC.Test\ElizerIoC.Test.csproj", "{296DD31A-906A-4899-81DD-AF6F9AC06AF6}"
EndProject
Global
	GlobalSection(SolutionConfigurationPlatforms) = preSolution
		Debug|Any CPU = Debug|Any CPU
		Release|Any CPU = Release|Any CPU
	EndGlobalSection
	GlobalSection(ProjectConfigurationPlatforms) = postSolution
		{B46EB579-5BC0-4B7A-8ABD-F9041E783B1E}.Debug|Any CPU.ActiveCfg = Debug|Any CPU
		{B46EB579-5BC0-4B7A-8ABD-F9041E783B1E}.Debug|Any CPU.Build.0 = Debug|Any CPU
		{B46EB579-5BC0-4B7A-8ABD-F9041E783B1E}.Release|Any CPU.ActiveCfg = Release|Any CPU
		{B46EB579-5BC0-4B7A-8ABD-F9041E783B1E}.Release|Any CPU.Build.0 = Release|Any CPU
		{296DD31A-906A-4899-81DD-AF6F9AC06AF6}.Debug|Any CPU.ActiveCfg = Debug|Any CPU
		{296DD31A-906A-4899-81DD-AF6F9AC06AF6}.Debug|Any CPU.Build.0 = Debug|Any CPU
		{296DD31A-906A-4899-81DD-AF6F9AC06AF6}.Release|Any CPU.ActiveCfg = Release|Any CPU
		{296DD31A-906A-4899-81DD-AF6F9AC06AF6}.Release|Any CPU.Build.0 = Release|Any CPU
	EndGlobalSection
	GlobalSection(SolutionProperties) = preSolution
		HideSolutionNode = FALSE
	EndGlobalSection
	GlobalSection(ExtensibilityGlobals) = postSolution
		SolutionGuid = {33BCF690-F05D-43E8-92F9-B2ED46B6C201}
	EndGlobalSection
EndGlobal
